github.com/Oleaintueri/go-ssdp v0.0.0-20201222124049-381bc155aecf h1:o+wzDQvGm8MVkDBYtLpnjC0Qn+L4MWP7S6fHiZk3Ak0=
github.com/Oleaintueri/go-ssdp v0.0.0-20201222124049-381bc155aecf/go.mod h1:lSxtuy4+rRxeaC6J2R+LnOSCAY5ylQ27hbBtzhHS5Kg=
github.com/Oleaintueri/gossdp v0.0.0-20201222131758-5ca925497f17 h1:FfeLG0tzd0eGC2W3KOwo7AuFUtlkpoCw2WaI9SHumUI=
github.com/Oleaintueri/gossdp v0.0.0-20201222131758-5ca925497f17/go.mod h1:CJe62HEMZPNV0mXsKInMigwIJJ/NJzeRTUL6ePVUIMM=
github.com/bcurren/go-ssdp v0.0.0-20130927201504-ae8e7a0ef8a8 h1:a5CrzovDwGx3NE8+FXDkx7vyBo0EWeQ/JOKP1Q8VD6I=
github.com/bcurren/go-ssdp v0.0.0-20130927201504-ae8e7a0ef8a8/go.mod h1:XW7y5ILmTgyAH5CEVZ7fPldvuDl1bYqQsqZrFM/LzKQ=
github.com/davecgh/go-spew v1.1.0/go.mod h1:J7Y8YcW2NihsgmVo/mv3lAwl/skON4iLHjSsI+c5H38=
github.com/logrusorgru/aurora v0.0.0-20200102142835-e9ef32dff381/go.mod h1:7rIyQOR62GCctdiQpZ/zOJlFyk6y+94wXzv6RNZgaR4=
github.com/pmezard/go-difflib v1.0.0/go.mod h1:iKH77koFhYxTK1pcRnkKkqfTogsbg7gZNVY4sRDYZ/4=
github.com/projectdiscovery/gologger v1.0.1/go.mod h1:Ok+axMqK53bWNwDSU1nTNwITLYMXMdZtRc8/y1c7sWE=
github.com/projectdiscovery/mapcidr v0.0.4 h1:2vBSjkmbQASAcO/m2L/dhdulMVu2y9HdyWOrWYJ74rU=
github.com/projectdiscovery/mapcidr v0.0.4/go.mod h1:ALOIj6ptkWujNoX8RdQwB2mZ+kAmKuLJBq9T5gR5wG0=
github.com/stretchr/objx v0.1.0/go.mod h1:HFkY916IF+rwdDfMAkV7OtwuqBVzrE8GR6GFx+wExME=
github.com/stretchr/testify v1.5.1/go.mod h1:5W2xD1RspED5o8YsWQXVCued0rvSQ+mT+I5cxcmMvtA=
golang.org/x/sync v0.0.0-20201207232520-09787c993a3a h1:DcqTD9SDLc+1P/r1EmRBwnVsrOwW+kk2vWf9n+1sGhs=
golang.org/x/sync v0.0.0-20201207232520-09787c993a3a/go.mod h1:RxMgew5VJxzue5/jJTE5uejpjVlOe/izrB70Jof72aM=
gopkg.in/check.v1 v0.0.0-20161208181325-20d25e280405/go.mod h1:Co6ibVJAznAaIkqp8huTwlJQCZ016jof/cbN4VW5Yz0=
gopkg.in/yaml.v2 v2.2.2/go.mod h1:hI93XBmqTisBFMUTm0b8Fm+jr3Dg1NNxqwp+5A1VGuI=
